
Microsoft Visual Studio Solution File, Format Version 12.00
# Blend for Visual Studio 15
VisualStudioVersion = 15.0.26228.18
MinimumVisualStudioVersion = 10.0.40219.1
Project("{FAE04EC0-301F-11D3-BF4B-00C04F79EFBC}") = "BasicDependencyProperties", "BasicDependencyProperties\BasicDependencyProperties.csproj", "{C2BE2888-82C7-498D-9C44-0CD4820278A7}"
EndProject
Project("{FAE04EC0-301F-11D3-BF4B-00C04F79EFBC}") = "AttachedPropertiesDemo", "AttachedPropertiesDemo\AttachedPropertiesDemo.csproj", "{3AFFF831-15CD-4056-A04C-3C7FF590169F}"
EndProject
Project("{FAE04EC0-301F-11D3-BF4B-00C04F79EFBC}") = "BlendBehaviorBasic", "BlendBehaviorBasic\BlendBehaviorBasic.csproj", "{76FBF4F8-E3D7-4398-A5BD-A74FE8E85147}"
EndProject
Project("{FAE04EC0-301F-11D3-BF4B-00C04F79EFBC}") = "InvokeCommandAndCallMethod", "InvokeCommandAndCallMethod\InvokeCommandAndCallMethod.csproj", "{D8F05E33-CAAF-42FC-86A4-36E6FC552D4A}"
EndProject
Project("{FAE04EC0-301F-11D3-BF4B-00C04F79EFBC}") = "ImplicitDataTemplate", "ImplicitDataTemplate\ImplicitDataTemplate.csproj", "{6B10965A-CA6C-4E66-94CF-EA8567ACC633}"
EndProject
Global
	GlobalSection(SolutionConfigurationPlatforms) = preSolution
		Debug|Any CPU = Debug|Any CPU
		Release|Any CPU = Release|Any CPU
	EndGlobalSection
	GlobalSection(ProjectConfigurationPlatforms) = postSolution
		{C2BE2888-82C7-498D-9C44-0CD4820278A7}.Debug|Any CPU.ActiveCfg = Debug|Any CPU
		{C2BE2888-82C7-498D-9C44-0CD4820278A7}.Debug|Any CPU.Build.0 = Debug|Any CPU
		{C2BE2888-82C7-498D-9C44-0CD4820278A7}.Release|Any CPU.ActiveCfg = Release|Any CPU
		{C2BE2888-82C7-498D-9C44-0CD4820278A7}.Release|Any CPU.Build.0 = Release|Any CPU
		{3AFFF831-15CD-4056-A04C-3C7FF590169F}.Debug|Any CPU.ActiveCfg = Debug|Any CPU
		{3AFFF831-15CD-4056-A04C-3C7FF590169F}.Debug|Any CPU.Build.0 = Debug|Any CPU
		{3AFFF831-15CD-4056-A04C-3C7FF590169F}.Release|Any CPU.ActiveCfg = Release|Any CPU
		{3AFFF831-15CD-4056-A04C-3C7FF590169F}.Release|Any CPU.Build.0 = Release|Any CPU
		{76FBF4F8-E3D7-4398-A5BD-A74FE8E85147}.Debug|Any CPU.ActiveCfg = Debug|Any CPU
		{76FBF4F8-E3D7-4398-A5BD-A74FE8E85147}.Debug|Any CPU.Build.0 = Debug|Any CPU
		{76FBF4F8-E3D7-4398-A5BD-A74FE8E85147}.Release|Any CPU.ActiveCfg = Release|Any CPU
		{76FBF4F8-E3D7-4398-A5BD-A74FE8E85147}.Release|Any CPU.Build.0 = Release|Any CPU
		{D8F05E33-CAAF-42FC-86A4-36E6FC552D4A}.Debug|Any CPU.ActiveCfg = Debug|Any CPU
		{D8F05E33-CAAF-42FC-86A4-36E6FC552D4A}.Debug|Any CPU.Build.0 = Debug|Any CPU
		{D8F05E33-CAAF-42FC-86A4-36E6FC552D4A}.Release|Any CPU.ActiveCfg = Release|Any CPU
		{D8F05E33-CAAF-42FC-86A4-36E6FC552D4A}.Release|Any CPU.Build.0 = Release|Any CPU
		{6B10965A-CA6C-4E66-94CF-EA8567ACC633}.Debug|Any CPU.ActiveCfg = Debug|Any CPU
		{6B10965A-CA6C-4E66-94CF-EA8567ACC633}.Debug|Any CPU.Build.0 = Debug|Any CPU
		{6B10965A-CA6C-4E66-94CF-EA8567ACC633}.Release|Any CPU.ActiveCfg = Release|Any CPU
		{6B10965A-CA6C-4E66-94CF-EA8567ACC633}.Release|Any CPU.Build.0 = Release|Any CPU
	EndGlobalSection
	GlobalSection(SolutionProperties) = preSolution
		HideSolutionNode = FALSE
	EndGlobalSection
EndGlobal
